
Microsoft Visual Studio Solution File, Format Version 12.00
# Visual Studio 2013
VisualStudioVersion = 12.0.31101.0
MinimumVisualStudioVersion = 10.0.40219.1
Project("{FAE04EC0-301F-11D3-BF4B-00C04F79EFBC}") = "AC.Domain", "..\Domain\AC.Domain.csproj", "{C2C682C9-02C8-4F9D-97C2-E285F7CB86D9}"
EndProject
Project("{FAE04EC0-301F-11D3-BF4B-00C04F79EFBC}") = "AC.DataAccess", "..\DataAccess\AC.DataAccess.csproj", "{9A3A3E6B-8141-4602-A217-90CC8C19DB7F}"
EndProject
Project("{FAE04EC0-301F-11D3-BF4B-00C04F79EFBC}") = "AC.DomainServices", "..\AC.Services\AC.DomainServices.csproj", "{30FB4184-353F-461C-9AA7-80BB5219FB64}"
EndProject
Project("{FAE04EC0-301F-11D3-BF4B-00C04F79EFBC}") = "MobileServices", "MobileServices.csproj", "{6BCA84F9-C397-4D0D-BEE5-40F2605CAF92}"
EndProject
Project("{FAE04EC0-301F-11D3-BF4B-00C04F79EFBC}") = "AC.GeneralServices", "..\AC.GeneralServices\AC.GeneralServices.csproj", "{363A8F9B-4C02-48CD-A15C-371F2CC4DC47}"
EndProject
Project("{2150E333-8FDC-42A3-9474-1A3956D46DE8}") = ".nuget", ".nuget", "{14555901-6575-4B1F-BBFF-2F56293830F7}"
	ProjectSection(SolutionItems) = preProject
		.nuget\packages.config = .nuget\packages.config
	EndProjectSection
EndProject
Global
	GlobalSection(SolutionConfigurationPlatforms) = preSolution
		Debug|Any CPU = Debug|Any CPU
		Release|Any CPU = Release|Any CPU
	EndGlobalSection
	GlobalSection(ProjectConfigurationPlatforms) = postSolution
		{C2C682C9-02C8-4F9D-97C2-E285F7CB86D9}.Debug|Any CPU.ActiveCfg = Debug|Any CPU
		{C2C682C9-02C8-4F9D-97C2-E285F7CB86D9}.Debug|Any CPU.Build.0 = Debug|Any CPU
		{C2C682C9-02C8-4F9D-97C2-E285F7CB86D9}.Release|Any CPU.ActiveCfg = Release|Any CPU
		{C2C682C9-02C8-4F9D-97C2-E285F7CB86D9}.Release|Any CPU.Build.0 = Release|Any CPU
		{9A3A3E6B-8141-4602-A217-90CC8C19DB7F}.Debug|Any CPU.ActiveCfg = Debug|Any CPU
		{9A3A3E6B-8141-4602-A217-90CC8C19DB7F}.Debug|Any CPU.Build.0 = Debug|Any CPU
		{9A3A3E6B-8141-4602-A217-90CC8C19DB7F}.Release|Any CPU.ActiveCfg = Release|Any CPU
		{9A3A3E6B-8141-4602-A217-90CC8C19DB7F}.Release|Any CPU.Build.0 = Release|Any CPU
		{30FB4184-353F-461C-9AA7-80BB5219FB64}.Debug|Any CPU.ActiveCfg = Debug|Any CPU
		{30FB4184-353F-461C-9AA7-80BB5219FB64}.Debug|Any CPU.Build.0 = Debug|Any CPU
		{30FB4184-353F-461C-9AA7-80BB5219FB64}.Release|Any CPU.ActiveCfg = Release|Any CPU
		{30FB4184-353F-461C-9AA7-80BB5219FB64}.Release|Any CPU.Build.0 = Release|Any CPU
		{6BCA84F9-C397-4D0D-BEE5-40F2605CAF92}.Debug|Any CPU.ActiveCfg = Debug|Any CPU
		{6BCA84F9-C397-4D0D-BEE5-40F2605CAF92}.Debug|Any CPU.Build.0 = Debug|Any CPU
		{6BCA84F9-C397-4D0D-BEE5-40F2605CAF92}.Release|Any CPU.ActiveCfg = Release|Any CPU
		{6BCA84F9-C397-4D0D-BEE5-40F2605CAF92}.Release|Any CPU.Build.0 = Release|Any CPU
		{363A8F9B-4C02-48CD-A15C-371F2CC4DC47}.Debug|Any CPU.ActiveCfg = Debug|Any CPU
		{363A8F9B-4C02-48CD-A15C-371F2CC4DC47}.Debug|Any CPU.Build.0 = Debug|Any CPU
		{363A8F9B-4C02-48CD-A15C-371F2CC4DC47}.Release|Any CPU.ActiveCfg = Release|Any CPU
		{363A8F9B-4C02-48CD-A15C-371F2CC4DC47}.Release|Any CPU.Build.0 = Release|Any CPU
	EndGlobalSection
	GlobalSection(SolutionProperties) = preSolution
		HideSolutionNode = FALSE
	EndGlobalSection
EndGlobal
